// !$*UTF8*$!
{
	archiveVersion = 1;
	classes = {
	};
	objectVersion = 50;
	objects = {

/* Begin PBXBuildFile section */
		4C05A0A9236482E40010D011 /* DebugView.swift in Sources */ = {isa = PBXBuildFile; fileRef = 4C05A0A8236482E40010D011 /* DebugView.swift */; };
		4C05A0AB236485B00010D011 /* DebugViewProvider.swift in Sources */ = {isa = PBXBuildFile; fileRef = 4C05A0AA236485B00010D011 /* DebugViewProvider.swift */; };
		4C05A0AD2364873A0010D011 /* DateFormatting.swift in Sources */ = {isa = PBXBuildFile; fileRef = 4C05A0AC2364873A0010D011 /* DateFormatting.swift */; };
		4C321000235F860A008E46E9 /* ClockConnector.swift in Sources */ = {isa = PBXBuildFile; fileRef = 4C320FFF235F860A008E46E9 /* ClockConnector.swift */; };
		4C321005235F9052008E46E9 /* NumberFormatting.swift in Sources */ = {isa = PBXBuildFile; fileRef = 4C321004235F9052008E46E9 /* NumberFormatting.swift */; };
		4C5337A92357AB9C00E3970E /* DataProvider.swift in Sources */ = {isa = PBXBuildFile; fileRef = 4C5337A82357AB9C00E3970E /* DataProvider.swift */; };
		4C5337AD2357ABBB00E3970E /* HealthKit.framework in Frameworks */ = {isa = PBXBuildFile; fileRef = 4C5337AC2357ABBB00E3970E /* HealthKit.framework */; };
		4CA315FA2360E9E40032E58D /* SetGoalView.swift in Sources */ = {isa = PBXBuildFile; fileRef = 4CA315F92360E9E40032E58D /* SetGoalView.swift */; };
		4CA694982357AF46005C9924 /* HomeCurrentStepView.swift in Sources */ = {isa = PBXBuildFile; fileRef = 4CA694972357AF46005C9924 /* HomeCurrentStepView.swift */; };
		4CA6949E235CED62005C9924 /* BackgroundManager.swift in Sources */ = {isa = PBXBuildFile; fileRef = 4CA6949D235CED62005C9924 /* BackgroundManager.swift */; };
		4CA694A0235CF841005C9924 /* ComplicationProvider.swift in Sources */ = {isa = PBXBuildFile; fileRef = 4CA6949F235CF841005C9924 /* ComplicationProvider.swift */; };
		4CBF55452357A5C40009AF09 /* WristSteps WatchKit App.app in Embed Watch Content */ = {isa = PBXBuildFile; fileRef = 4CBF55442357A5C40009AF09 /* WristSteps WatchKit App.app */; settings = {ATTRIBUTES = (RemoveHeadersOnCopy, ); }; };
		4CBF554B2357A5C40009AF09 /* Interface.storyboard in Resources */ = {isa = PBXBuildFile; fileRef = 4CBF55492357A5C40009AF09 /* Interface.storyboard */; };
		4CBF554D2357A5C60009AF09 /* Assets.xcassets in Resources */ = {isa = PBXBuildFile; fileRef = 4CBF554C2357A5C60009AF09 /* Assets.xcassets */; };
		4CBF55542357A5C60009AF09 /* WristSteps WatchKit Extension.appex in Embed App Extensions */ = {isa = PBXBuildFile; fileRef = 4CBF55532357A5C60009AF09 /* WristSteps WatchKit Extension.appex */; settings = {ATTRIBUTES = (RemoveHeadersOnCopy, ); }; };
		4CBF55592357A5C60009AF09 /* HomeView.swift in Sources */ = {isa = PBXBuildFile; fileRef = 4CBF55582357A5C60009AF09 /* HomeView.swift */; };
		4CBF555B2357A5C60009AF09 /* HostingController.swift in Sources */ = {isa = PBXBuildFile; fileRef = 4CBF555A2357A5C60009AF09 /* HostingController.swift */; };
		4CBF555D2357A5C60009AF09 /* ExtensionDelegate.swift in Sources */ = {isa = PBXBuildFile; fileRef = 4CBF555C2357A5C60009AF09 /* ExtensionDelegate.swift */; };
		4CBF555F2357A5C60009AF09 /* NotificationController.swift in Sources */ = {isa = PBXBuildFile; fileRef = 4CBF555E2357A5C60009AF09 /* NotificationController.swift */; };
		4CBF55612357A5C60009AF09 /* NotificationView.swift in Sources */ = {isa = PBXBuildFile; fileRef = 4CBF55602357A5C60009AF09 /* NotificationView.swift */; };
		4CBF55632357A5C60009AF09 /* ComplicationController.swift in Sources */ = {isa = PBXBuildFile; fileRef = 4CBF55622357A5C60009AF09 /* ComplicationController.swift */; };
		4CBF55652357A5C70009AF09 /* Assets.xcassets in Resources */ = {isa = PBXBuildFile; fileRef = 4CBF55642357A5C70009AF09 /* Assets.xcassets */; };
		4CBF55682357A5C70009AF09 /* Preview Assets.xcassets in Resources */ = {isa = PBXBuildFile; fileRef = 4CBF55672357A5C70009AF09 /* Preview Assets.xcassets */; };
		4CBF557B2357A7A00009AF09 /* HomeViewProvider.swift in Sources */ = {isa = PBXBuildFile; fileRef = 4CBF557A2357A7A00009AF09 /* HomeViewProvider.swift */; };
		4CEC045A2360DFBF0010EFAA /* HomeGoalView.swift in Sources */ = {isa = PBXBuildFile; fileRef = 4CEC04592360DFBF0010EFAA /* HomeGoalView.swift */; };
		4CFBB6EC23638567002CF290 /* DataCache.swift in Sources */ = {isa = PBXBuildFile; fileRef = 4CFBB6EB23638567002CF290 /* DataCache.swift */; };
		4CFBB6F023643E99002CF290 /* SetGoalViewProvider.swift in Sources */ = {isa = PBXBuildFile; fileRef = 4CFBB6EF23643E99002CF290 /* SetGoalViewProvider.swift */; };
		4CFBB6F2236441A4002CF290 /* SetGoalEditorView.swift in Sources */ = {isa = PBXBuildFile; fileRef = 4CFBB6F1236441A4002CF290 /* SetGoalEditorView.swift */; };
		4CFBB6F52364446E002CF290 /* Colors.swift in Sources */ = {isa = PBXBuildFile; fileRef = 4CFBB6F42364446E002CF290 /* Colors.swift */; };
/* End PBXBuildFile section */

/* Begin PBXContainerItemProxy section */
		4CBF55462357A5C40009AF09 /* PBXContainerItemProxy */ = {
			isa = PBXContainerItemProxy;
			containerPortal = 4CBF553A2357A5C40009AF09 /* Project object */;
			proxyType = 1;
			remoteGlobalIDString = 4CBF55432357A5C40009AF09;
			remoteInfo = "WristSteps WatchKit App";
		};
		4CBF55552357A5C60009AF09 /* PBXContainerItemProxy */ = {
			isa = PBXContainerItemProxy;
			containerPortal = 4CBF553A2357A5C40009AF09 /* Project object */;
			proxyType = 1;
			remoteGlobalIDString = 4CBF55522357A5C60009AF09;
			remoteInfo = "WristSteps WatchKit Extension";
		};
/* End PBXContainerItemProxy section */

/* Begin PBXCopyFilesBuildPhase section */
		4CBF55702357A5C70009AF09 /* Embed App Extensions */ = {
			isa = PBXCopyFilesBuildPhase;
			buildActionMask = 2147483647;
			dstPath = "";
			dstSubfolderSpec = 13;
			files = (
				4CBF55542357A5C60009AF09 /* WristSteps WatchKit Extension.appex in Embed App Extensions */,
			);
			name = "Embed App Extensions";
			runOnlyForDeploymentPostprocessing = 0;
		};
		4CBF55742357A5C70009AF09 /* Embed Watch Content */ = {
			isa = PBXCopyFilesBuildPhase;
			buildActionMask = 2147483647;
			dstPath = "$(CONTENTS_FOLDER_PATH)/Watch";
			dstSubfolderSpec = 16;
			files = (
				4CBF55452357A5C40009AF09 /* WristSteps WatchKit App.app in Embed Watch Content */,
			);
			name = "Embed Watch Content";
			runOnlyForDeploymentPostprocessing = 0;
		};
/* End PBXCopyFilesBuildPhase section */

/* Begin PBXFileReference section */
		4C05A0A8236482E40010D011 /* DebugView.swift */ = {isa = PBXFileReference; lastKnownFileType = sourcecode.swift; path = DebugView.swift; sourceTree = "<group>"; };
		4C05A0AA236485B00010D011 /* DebugViewProvider.swift */ = {isa = PBXFileReference; lastKnownFileType = sourcecode.swift; path = DebugViewProvider.swift; sourceTree = "<group>"; };
		4C05A0AC2364873A0010D011 /* DateFormatting.swift */ = {isa = PBXFileReference; lastKnownFileType = sourcecode.swift; path = DateFormatting.swift; sourceTree = "<group>"; };
		4C320FFF235F860A008E46E9 /* ClockConnector.swift */ = {isa = PBXFileReference; lastKnownFileType = sourcecode.swift; path = ClockConnector.swift; sourceTree = "<group>"; };
		4C321004235F9052008E46E9 /* NumberFormatting.swift */ = {isa = PBXFileReference; lastKnownFileType = sourcecode.swift; path = NumberFormatting.swift; sourceTree = "<group>"; };
		4C4F2D99236C5ADF00EF2F0B /* Info.plist */ = {isa = PBXFileReference; lastKnownFileType = text.plist.xml; path = Info.plist; sourceTree = "<group>"; };
		4C5337A82357AB9C00E3970E /* DataProvider.swift */ = {isa = PBXFileReference; lastKnownFileType = sourcecode.swift; path = DataProvider.swift; sourceTree = "<group>"; };
		4C5337AC2357ABBB00E3970E /* HealthKit.framework */ = {isa = PBXFileReference; lastKnownFileType = wrapper.framework; name = HealthKit.framework; path = Platforms/WatchOS.platform/Developer/SDKs/WatchOS6.0.sdk/System/Library/Frameworks/HealthKit.framework; sourceTree = DEVELOPER_DIR; };
		4C5BD1032370BF6D005D65DB /* WristSteps WatchKit Extension.entitlements */ = {isa = PBXFileReference; lastKnownFileType = text.plist.entitlements; path = "WristSteps WatchKit Extension.entitlements"; sourceTree = "<group>"; };
		4CA315F92360E9E40032E58D /* SetGoalView.swift */ = {isa = PBXFileReference; lastKnownFileType = sourcecode.swift; path = SetGoalView.swift; sourceTree = "<group>"; };
		4CA694972357AF46005C9924 /* HomeCurrentStepView.swift */ = {isa = PBXFileReference; lastKnownFileType = sourcecode.swift; path = HomeCurrentStepView.swift; sourceTree = "<group>"; };
		4CA6949D235CED62005C9924 /* BackgroundManager.swift */ = {isa = PBXFileReference; lastKnownFileType = sourcecode.swift; path = BackgroundManager.swift; sourceTree = "<group>"; };
		4CA6949F235CF841005C9924 /* ComplicationProvider.swift */ = {isa = PBXFileReference; lastKnownFileType = sourcecode.swift; path = ComplicationProvider.swift; sourceTree = "<group>"; };
		4CBF55402357A5C40009AF09 /* WristSteps.app */ = {isa = PBXFileReference; explicitFileType = wrapper.application; includeInIndex = 0; path = WristSteps.app; sourceTree = BUILT_PRODUCTS_DIR; };
		4CBF55442357A5C40009AF09 /* WristSteps WatchKit App.app */ = {isa = PBXFileReference; explicitFileType = wrapper.application; includeInIndex = 0; path = "WristSteps WatchKit App.app"; sourceTree = BUILT_PRODUCTS_DIR; };
		4CBF554A2357A5C40009AF09 /* Base */ = {isa = PBXFileReference; lastKnownFileType = file.storyboard; name = Base; path = Base.lproj/Interface.storyboard; sourceTree = "<group>"; };
		4CBF554C2357A5C60009AF09 /* Assets.xcassets */ = {isa = PBXFileReference; lastKnownFileType = folder.assetcatalog; path = Assets.xcassets; sourceTree = "<group>"; };
		4CBF554E2357A5C60009AF09 /* Info.plist */ = {isa = PBXFileReference; lastKnownFileType = text.plist.xml; path = Info.plist; sourceTree = "<group>"; };
		4CBF55532357A5C60009AF09 /* WristSteps WatchKit Extension.appex */ = {isa = PBXFileReference; explicitFileType = "wrapper.app-extension"; includeInIndex = 0; path = "WristSteps WatchKit Extension.appex"; sourceTree = BUILT_PRODUCTS_DIR; };
		4CBF55582357A5C60009AF09 /* HomeView.swift */ = {isa = PBXFileReference; lastKnownFileType = sourcecode.swift; path = HomeView.swift; sourceTree = "<group>"; };
		4CBF555A2357A5C60009AF09 /* HostingController.swift */ = {isa = PBXFileReference; lastKnownFileType = sourcecode.swift; path = HostingController.swift; sourceTree = "<group>"; };
		4CBF555C2357A5C60009AF09 /* ExtensionDelegate.swift */ = {isa = PBXFileReference; lastKnownFileType = sourcecode.swift; path = ExtensionDelegate.swift; sourceTree = "<group>"; };
		4CBF555E2357A5C60009AF09 /* NotificationController.swift */ = {isa = PBXFileReference; lastKnownFileType = sourcecode.swift; path = NotificationController.swift; sourceTree = "<group>"; };
		4CBF55602357A5C60009AF09 /* NotificationView.swift */ = {isa = PBXFileReference; lastKnownFileType = sourcecode.swift; path = NotificationView.swift; sourceTree = "<group>"; };
		4CBF55622357A5C60009AF09 /* ComplicationController.swift */ = {isa = PBXFileReference; lastKnownFileType = sourcecode.swift; path = ComplicationController.swift; sourceTree = "<group>"; };
		4CBF55642357A5C70009AF09 /* Assets.xcassets */ = {isa = PBXFileReference; lastKnownFileType = folder.assetcatalog; path = Assets.xcassets; sourceTree = "<group>"; };
		4CBF55672357A5C70009AF09 /* Preview Assets.xcassets */ = {isa = PBXFileReference; lastKnownFileType = folder.assetcatalog; path = "Preview Assets.xcassets"; sourceTree = "<group>"; };
		4CBF55692357A5C70009AF09 /* Info.plist */ = {isa = PBXFileReference; lastKnownFileType = text.plist.xml; path = Info.plist; sourceTree = "<group>"; };
		4CBF556A2357A5C70009AF09 /* PushNotificationPayload.apns */ = {isa = PBXFileReference; lastKnownFileType = text; path = PushNotificationPayload.apns; sourceTree = "<group>"; };
		4CBF557A2357A7A00009AF09 /* HomeViewProvider.swift */ = {isa = PBXFileReference; lastKnownFileType = sourcecode.swift; path = HomeViewProvider.swift; sourceTree = "<group>"; };
		4CEC04592360DFBF0010EFAA /* HomeGoalView.swift */ = {isa = PBXFileReference; lastKnownFileType = sourcecode.swift; path = HomeGoalView.swift; sourceTree = "<group>"; };
		4CFBB6EB23638567002CF290 /* DataCache.swift */ = {isa = PBXFileReference; lastKnownFileType = sourcecode.swift; path = DataCache.swift; sourceTree = "<group>"; };
		4CFBB6EF23643E99002CF290 /* SetGoalViewProvider.swift */ = {isa = PBXFileReference; lastKnownFileType = sourcecode.swift; path = SetGoalViewProvider.swift; sourceTree = "<group>"; };
		4CFBB6F1236441A4002CF290 /* SetGoalEditorView.swift */ = {isa = PBXFileReference; lastKnownFileType = sourcecode.swift; path = SetGoalEditorView.swift; sourceTree = "<group>"; };
		4CFBB6F42364446E002CF290 /* Colors.swift */ = {isa = PBXFileReference; lastKnownFileType = sourcecode.swift; path = Colors.swift; sourceTree = "<group>"; };
/* End PBXFileReference section */

/* Begin PBXFrameworksBuildPhase section */
		4CBF55502357A5C60009AF09 /* Frameworks */ = {
			isa = PBXFrameworksBuildPhase;
			buildActionMask = 2147483647;
			files = (
				4C5337AD2357ABBB00E3970E /* HealthKit.framework in Frameworks */,
			);
			runOnlyForDeploymentPostprocessing = 0;
		};
/* End PBXFrameworksBuildPhase section */

/* Begin PBXGroup section */
		4C05A0A7236482240010D011 /* DebugView */ = {
			isa = PBXGroup;
			children = (
				4C05A0A8236482E40010D011 /* DebugView.swift */,
				4C05A0AA236485B00010D011 /* DebugViewProvider.swift */,
			);
			path = DebugView;
			sourceTree = "<group>";
		};
		4C321003235F9043008E46E9 /* Helpers */ = {
			isa = PBXGroup;
			children = (
				4C321004235F9052008E46E9 /* NumberFormatting.swift */,
				4C05A0AC2364873A0010D011 /* DateFormatting.swift */,
			);
			path = Helpers;
			sourceTree = "<group>";
		};
		4C4F2D98236C5AC700EF2F0B /* WristSteps */ = {
			isa = PBXGroup;
			children = (
				4C4F2D99236C5ADF00EF2F0B /* Info.plist */,
			);
			path = WristSteps;
			sourceTree = "<group>";
		};
		4C5337A52357AB1700E3970E /* HomeView */ = {
			isa = PBXGroup;
			children = (
				4CBF55582357A5C60009AF09 /* HomeView.swift */,
				4CA694972357AF46005C9924 /* HomeCurrentStepView.swift */,
				4CEC04592360DFBF0010EFAA /* HomeGoalView.swift */,
				4CBF557A2357A7A00009AF09 /* HomeViewProvider.swift */,
			);
			path = HomeView;
			sourceTree = "<group>";
		};
		4C5337A72357AB8600E3970E /* Model */ = {
			isa = PBXGroup;
			children = (
				4C5337A82357AB9C00E3970E /* DataProvider.swift */,
				4CFBB6EB23638567002CF290 /* DataCache.swift */,
				4CA6949D235CED62005C9924 /* BackgroundManager.swift */,
				4C320FFF235F860A008E46E9 /* ClockConnector.swift */,
			);
			path = Model;
			sourceTree = "<group>";
		};
		4C5337AB2357ABBB00E3970E /* Frameworks */ = {
			isa = PBXGroup;
			children = (
				4C5337AC2357ABBB00E3970E /* HealthKit.framework */,
			);
			name = Frameworks;
			sourceTree = "<group>";
		};
		4CA315F82360E8000032E58D /* SetGoalView */ = {
			isa = PBXGroup;
			children = (
				4CA315F92360E9E40032E58D /* SetGoalView.swift */,
				4CFBB6F1236441A4002CF290 /* SetGoalEditorView.swift */,
				4CFBB6EF23643E99002CF290 /* SetGoalViewProvider.swift */,
			);
			path = SetGoalView;
			sourceTree = "<group>";
		};
		4CBF55392357A5C40009AF09 = {
			isa = PBXGroup;
			children = (
				4C4F2D98236C5AC700EF2F0B /* WristSteps */,
				4CBF55482357A5C40009AF09 /* WristSteps WatchKit App */,
				4CBF55572357A5C60009AF09 /* WristSteps WatchKit Extension */,
				4CBF55412357A5C40009AF09 /* Products */,
				4C5337AB2357ABBB00E3970E /* Frameworks */,
			);
			sourceTree = "<group>";
		};
		4CBF55412357A5C40009AF09 /* Products */ = {
			isa = PBXGroup;
			children = (
				4CBF55402357A5C40009AF09 /* WristSteps.app */,
				4CBF55442357A5C40009AF09 /* WristSteps WatchKit App.app */,
				4CBF55532357A5C60009AF09 /* WristSteps WatchKit Extension.appex */,
			);
			name = Products;
			sourceTree = "<group>";
		};
		4CBF55482357A5C40009AF09 /* WristSteps WatchKit App */ = {
			isa = PBXGroup;
			children = (
				4CBF55492357A5C40009AF09 /* Interface.storyboard */,
				4CBF554C2357A5C60009AF09 /* Assets.xcassets */,
				4CBF554E2357A5C60009AF09 /* Info.plist */,
			);
			path = "WristSteps WatchKit App";
			sourceTree = "<group>";
		};
		4CBF55572357A5C60009AF09 /* WristSteps WatchKit Extension */ = {
			isa = PBXGroup;
			children = (
				4C5BD1032370BF6D005D65DB /* WristSteps WatchKit Extension.entitlements */,
				4CBF555C2357A5C60009AF09 /* ExtensionDelegate.swift */,
				4CBF555A2357A5C60009AF09 /* HostingController.swift */,
				4C321003235F9043008E46E9 /* Helpers */,
				4C5337A72357AB8600E3970E /* Model */,
				4CFBB6F323644460002CF290 /* Style */,
				4C5337A52357AB1700E3970E /* HomeView */,
				4CA315F82360E8000032E58D /* SetGoalView */,
				4C05A0A7236482240010D011 /* DebugView */,
				4CBF55792357A7090009AF09 /* Complication */,
				4CBF55782357A6F90009AF09 /* Notification */,
				4CBF55642357A5C70009AF09 /* Assets.xcassets */,
				4CBF55692357A5C70009AF09 /* Info.plist */,
				4CBF556A2357A5C70009AF09 /* PushNotificationPayload.apns */,
				4CBF55662357A5C70009AF09 /* Preview Content */,
			);
			path = "WristSteps WatchKit Extension";
			sourceTree = "<group>";
		};
		4CBF55662357A5C70009AF09 /* Preview Content */ = {
			isa = PBXGroup;
			children = (
				4CBF55672357A5C70009AF09 /* Preview Assets.xcassets */,
			);
			path = "Preview Content";
			sourceTree = "<group>";
		};
		4CBF55782357A6F90009AF09 /* Notification */ = {
			isa = PBXGroup;
			children = (
				4CBF555E2357A5C60009AF09 /* NotificationController.swift */,
				4CBF55602357A5C60009AF09 /* NotificationView.swift */,
			);
			path = Notification;
			sourceTree = "<group>";
		};
		4CBF55792357A7090009AF09 /* Complication */ = {
			isa = PBXGroup;
			children = (
				4CBF55622357A5C60009AF09 /* ComplicationController.swift */,
				4CA6949F235CF841005C9924 /* ComplicationProvider.swift */,
			);
			path = Complication;
			sourceTree = "<group>";
		};
		4CFBB6F323644460002CF290 /* Style */ = {
			isa = PBXGroup;
			children = (
				4CFBB6F42364446E002CF290 /* Colors.swift */,
			);
			path = Style;
			sourceTree = "<group>";
		};
/* End PBXGroup section */

/* Begin PBXNativeTarget section */
		4CBF553F2357A5C40009AF09 /* WristSteps */ = {
			isa = PBXNativeTarget;
			buildConfigurationList = 4CBF55752357A5C70009AF09 /* Build configuration list for PBXNativeTarget "WristSteps" */;
			buildPhases = (
				4CBF553E2357A5C40009AF09 /* Resources */,
				4CBF55742357A5C70009AF09 /* Embed Watch Content */,
			);
			buildRules = (
			);
			dependencies = (
				4CBF55472357A5C40009AF09 /* PBXTargetDependency */,
			);
			name = WristSteps;
			productName = WristSteps;
			productReference = 4CBF55402357A5C40009AF09 /* WristSteps.app */;
			productType = "com.apple.product-type.application.watchapp2-container";
		};
		4CBF55432357A5C40009AF09 /* WristSteps WatchKit App */ = {
			isa = PBXNativeTarget;
			buildConfigurationList = 4CBF55712357A5C70009AF09 /* Build configuration list for PBXNativeTarget "WristSteps WatchKit App" */;
			buildPhases = (
				4CBF55422357A5C40009AF09 /* Resources */,
				4CBF55702357A5C70009AF09 /* Embed App Extensions */,
			);
			buildRules = (
			);
			dependencies = (
				4CBF55562357A5C60009AF09 /* PBXTargetDependency */,
			);
			name = "WristSteps WatchKit App";
			productName = "WristSteps WatchKit App";
			productReference = 4CBF55442357A5C40009AF09 /* WristSteps WatchKit App.app */;
			productType = "com.apple.product-type.application.watchapp2";
		};
		4CBF55522357A5C60009AF09 /* WristSteps WatchKit Extension */ = {
			isa = PBXNativeTarget;
			buildConfigurationList = 4CBF556D2357A5C70009AF09 /* Build configuration list for PBXNativeTarget "WristSteps WatchKit Extension" */;
			buildPhases = (
				4CBF554F2357A5C60009AF09 /* Sources */,
				4CBF55502357A5C60009AF09 /* Frameworks */,
				4CBF55512357A5C60009AF09 /* Resources */,
			);
			buildRules = (
			);
			dependencies = (
			);
			name = "WristSteps WatchKit Extension";
			productName = "WristSteps WatchKit Extension";
			productReference = 4CBF55532357A5C60009AF09 /* WristSteps WatchKit Extension.appex */;
			productType = "com.apple.product-type.watchkit2-extension";
		};
/* End PBXNativeTarget section */

/* Begin PBXProject section */
		4CBF553A2357A5C40009AF09 /* Project object */ = {
			isa = PBXProject;
			attributes = {
				LastSwiftUpdateCheck = 1100;
				LastUpgradeCheck = 1100;
				ORGANIZATIONNAME = "Michael Schoder";
				TargetAttributes = {
					4CBF553F2357A5C40009AF09 = {
						CreatedOnToolsVersion = 11.0;
					};
					4CBF55432357A5C40009AF09 = {
						CreatedOnToolsVersion = 11.0;
					};
					4CBF55522357A5C60009AF09 = {
						CreatedOnToolsVersion = 11.0;
					};
				};
			};
			buildConfigurationList = 4CBF553D2357A5C40009AF09 /* Build configuration list for PBXProject "WristSteps" */;
			compatibilityVersion = "Xcode 9.3";
			developmentRegion = en;
			hasScannedForEncodings = 0;
			knownRegions = (
				en,
				Base,
			);
			mainGroup = 4CBF55392357A5C40009AF09;
			productRefGroup = 4CBF55412357A5C40009AF09 /* Products */;
			projectDirPath = "";
			projectRoot = "";
			targets = (
				4CBF553F2357A5C40009AF09 /* WristSteps */,
				4CBF55432357A5C40009AF09 /* WristSteps WatchKit App */,
				4CBF55522357A5C60009AF09 /* WristSteps WatchKit Extension */,
			);
		};
/* End PBXProject section */

/* Begin PBXResourcesBuildPhase section */
		4CBF553E2357A5C40009AF09 /* Resources */ = {
			isa = PBXResourcesBuildPhase;
			buildActionMask = 2147483647;
			files = (
			);
			runOnlyForDeploymentPostprocessing = 0;
		};
		4CBF55422357A5C40009AF09 /* Resources */ = {
			isa = PBXResourcesBuildPhase;
			buildActionMask = 2147483647;
			files = (
				4CBF554D2357A5C60009AF09 /* Assets.xcassets in Resources */,
				4CBF554B2357A5C40009AF09 /* Interface.storyboard in Resources */,
			);
			runOnlyForDeploymentPostprocessing = 0;
		};
		4CBF55512357A5C60009AF09 /* Resources */ = {
			isa = PBXResourcesBuildPhase;
			buildActionMask = 2147483647;
			files = (
				4CBF55682357A5C70009AF09 /* Preview Assets.xcassets in Resources */,
				4CBF55652357A5C70009AF09 /* Assets.xcassets in Resources */,
			);
			runOnlyForDeploymentPostprocessing = 0;
		};
/* End PBXResourcesBuildPhase section */

/* Begin PBXSourcesBuildPhase section */
		4CBF554F2357A5C60009AF09 /* Sources */ = {
			isa = PBXSourcesBuildPhase;
			buildActionMask = 2147483647;
			files = (
				4CBF555B2357A5C60009AF09 /* HostingController.swift in Sources */,
				4C5337A92357AB9C00E3970E /* DataProvider.swift in Sources */,
				4C05A0AD2364873A0010D011 /* DateFormatting.swift in Sources */,
				4CBF557B2357A7A00009AF09 /* HomeViewProvider.swift in Sources */,
				4CFBB6EC23638567002CF290 /* DataCache.swift in Sources */,
				4C05A0AB236485B00010D011 /* DebugViewProvider.swift in Sources */,
				4CBF55592357A5C60009AF09 /* HomeView.swift in Sources */,
				4CA6949E235CED62005C9924 /* BackgroundManager.swift in Sources */,
				4CBF555F2357A5C60009AF09 /* NotificationController.swift in Sources */,
				4CA315FA2360E9E40032E58D /* SetGoalView.swift in Sources */,
				4CA694982357AF46005C9924 /* HomeCurrentStepView.swift in Sources */,
				4CEC045A2360DFBF0010EFAA /* HomeGoalView.swift in Sources */,
				4CBF555D2357A5C60009AF09 /* ExtensionDelegate.swift in Sources */,
				4CBF55612357A5C60009AF09 /* NotificationView.swift in Sources */,
				4CFBB6F52364446E002CF290 /* Colors.swift in Sources */,
				4CBF55632357A5C60009AF09 /* ComplicationController.swift in Sources */,
				4C321005235F9052008E46E9 /* NumberFormatting.swift in Sources */,
				4CFBB6F023643E99002CF290 /* SetGoalViewProvider.swift in Sources */,
				4C05A0A9236482E40010D011 /* DebugView.swift in Sources */,
				4CFBB6F2236441A4002CF290 /* SetGoalEditorView.swift in Sources */,
				4C321000235F860A008E46E9 /* ClockConnector.swift in Sources */,
				4CA694A0235CF841005C9924 /* ComplicationProvider.swift in Sources */,
			);
			runOnlyForDeploymentPostprocessing = 0;
		};
/* End PBXSourcesBuildPhase section */

/* Begin PBXTargetDependency section */
		4CBF55472357A5C40009AF09 /* PBXTargetDependency */ = {
			isa = PBXTargetDependency;
			target = 4CBF55432357A5C40009AF09 /* WristSteps WatchKit App */;
			targetProxy = 4CBF55462357A5C40009AF09 /* PBXContainerItemProxy */;
		};
		4CBF55562357A5C60009AF09 /* PBXTargetDependency */ = {
			isa = PBXTargetDependency;
			target = 4CBF55522357A5C60009AF09 /* WristSteps WatchKit Extension */;
			targetProxy = 4CBF55552357A5C60009AF09 /* PBXContainerItemProxy */;
		};
/* End PBXTargetDependency section */

/* Begin PBXVariantGroup section */
		4CBF55492357A5C40009AF09 /* Interface.storyboard */ = {
			isa = PBXVariantGroup;
			children = (
				4CBF554A2357A5C40009AF09 /* Base */,
			);
			name = Interface.storyboard;
			sourceTree = "<group>";
		};
/* End PBXVariantGroup section */

/* Begin XCBuildConfiguration section */
		4CBF556B2357A5C70009AF09 /* Debug */ = {
			isa = XCBuildConfiguration;
			buildSettings = {
				ALWAYS_SEARCH_USER_PATHS = NO;
				CLANG_ANALYZER_NONNULL = YES;
				CLANG_ANALYZER_NUMBER_OBJECT_CONVERSION = YES_AGGRESSIVE;
				CLANG_CXX_LANGUAGE_STANDARD = "gnu++14";
				CLANG_CXX_LIBRARY = "libc++";
				CLANG_ENABLE_MODULES = YES;
				CLANG_ENABLE_OBJC_ARC = YES;
				CLANG_ENABLE_OBJC_WEAK = YES;
				CLANG_WARN_BLOCK_CAPTURE_AUTORELEASING = YES;
				CLANG_WARN_BOOL_CONVERSION = YES;
				CLANG_WARN_COMMA = YES;
				CLANG_WARN_CONSTANT_CONVERSION = YES;
				CLANG_WARN_DEPRECATED_OBJC_IMPLEMENTATIONS = YES;
				CLANG_WARN_DIRECT_OBJC_ISA_USAGE = YES_ERROR;
				CLANG_WARN_DOCUMENTATION_COMMENTS = YES;
				CLANG_WARN_EMPTY_BODY = YES;
				CLANG_WARN_ENUM_CONVERSION = YES;
				CLANG_WARN_INFINITE_RECURSION = YES;
				CLANG_WARN_INT_CONVERSION = YES;
				CLANG_WARN_NON_LITERAL_NULL_CONVERSION = YES;
				CLANG_WARN_OBJC_IMPLICIT_RETAIN_SELF = YES;
				CLANG_WARN_OBJC_LITERAL_CONVERSION = YES;
				CLANG_WARN_OBJC_ROOT_CLASS = YES_ERROR;
				CLANG_WARN_RANGE_LOOP_ANALYSIS = YES;
				CLANG_WARN_STRICT_PROTOTYPES = YES;
				CLANG_WARN_SUSPICIOUS_MOVE = YES;
				CLANG_WARN_UNGUARDED_AVAILABILITY = YES_AGGRESSIVE;
				CLANG_WARN_UNREACHABLE_CODE = YES;
				CLANG_WARN__DUPLICATE_METHOD_MATCH = YES;
				COPY_PHASE_STRIP = NO;
				DEBUG_INFORMATION_FORMAT = dwarf;
				ENABLE_STRICT_OBJC_MSGSEND = YES;
				ENABLE_TESTABILITY = YES;
				GCC_C_LANGUAGE_STANDARD = gnu11;
				GCC_DYNAMIC_NO_PIC = NO;
				GCC_NO_COMMON_BLOCKS = YES;
				GCC_OPTIMIZATION_LEVEL = 0;
				GCC_PREPROCESSOR_DEFINITIONS = (
					"DEBUG=1",
					"$(inherited)",
				);
				GCC_WARN_64_TO_32_BIT_CONVERSION = YES;
				GCC_WARN_ABOUT_RETURN_TYPE = YES_ERROR;
				GCC_WARN_UNDECLARED_SELECTOR = YES;
				GCC_WARN_UNINITIALIZED_AUTOS = YES_AGGRESSIVE;
				GCC_WARN_UNUSED_FUNCTION = YES;
				GCC_WARN_UNUSED_VARIABLE = YES;
				MTL_ENABLE_DEBUG_INFO = INCLUDE_SOURCE;
				MTL_FAST_MATH = YES;
				ONLY_ACTIVE_ARCH = YES;
				SDKROOT = iphoneos;
				SWIFT_ACTIVE_COMPILATION_CONDITIONS = DEBUG;
				SWIFT_OPTIMIZATION_LEVEL = "-Onone";
			};
			name = Debug;
		};
		4CBF556C2357A5C70009AF09 /* Release */ = {
			isa = XCBuildConfiguration;
			buildSettings = {
				ALWAYS_SEARCH_USER_PATHS = NO;
				CLANG_ANALYZER_NONNULL = YES;
				CLANG_ANALYZER_NUMBER_OBJECT_CONVERSION = YES_AGGRESSIVE;
				CLANG_CXX_LANGUAGE_STANDARD = "gnu++14";
				CLANG_CXX_LIBRARY = "libc++";
				CLANG_ENABLE_MODULES = YES;
				CLANG_ENABLE_OBJC_ARC = YES;
				CLANG_ENABLE_OBJC_WEAK = YES;
				CLANG_WARN_BLOCK_CAPTURE_AUTORELEASING = YES;
				CLANG_WARN_BOOL_CONVERSION = YES;
				CLANG_WARN_COMMA = YES;
				CLANG_WARN_CONSTANT_CONVERSION = YES;
				CLANG_WARN_DEPRECATED_OBJC_IMPLEMENTATIONS = YES;
				CLANG_WARN_DIRECT_OBJC_ISA_USAGE = YES_ERROR;
				CLANG_WARN_DOCUMENTATION_COMMENTS = YES;
				CLANG_WARN_EMPTY_BODY = YES;
				CLANG_WARN_ENUM_CONVERSION = YES;
				CLANG_WARN_INFINITE_RECURSION = YES;
				CLANG_WARN_INT_CONVERSION = YES;
				CLANG_WARN_NON_LITERAL_NULL_CONVERSION = YES;
				CLANG_WARN_OBJC_IMPLICIT_RETAIN_SELF = YES;
				CLANG_WARN_OBJC_LITERAL_CONVERSION = YES;
				CLANG_WARN_OBJC_ROOT_CLASS = YES_ERROR;
				CLANG_WARN_RANGE_LOOP_ANALYSIS = YES;
				CLANG_WARN_STRICT_PROTOTYPES = YES;
				CLANG_WARN_SUSPICIOUS_MOVE = YES;
				CLANG_WARN_UNGUARDED_AVAILABILITY = YES_AGGRESSIVE;
				CLANG_WARN_UNREACHABLE_CODE = YES;
				CLANG_WARN__DUPLICATE_METHOD_MATCH = YES;
				COPY_PHASE_STRIP = NO;
				DEBUG_INFORMATION_FORMAT = "dwarf-with-dsym";
				ENABLE_NS_ASSERTIONS = NO;
				ENABLE_STRICT_OBJC_MSGSEND = YES;
				GCC_C_LANGUAGE_STANDARD = gnu11;
				GCC_NO_COMMON_BLOCKS = YES;
				GCC_WARN_64_TO_32_BIT_CONVERSION = YES;
				GCC_WARN_ABOUT_RETURN_TYPE = YES_ERROR;
				GCC_WARN_UNDECLARED_SELECTOR = YES;
				GCC_WARN_UNINITIALIZED_AUTOS = YES_AGGRESSIVE;
				GCC_WARN_UNUSED_FUNCTION = YES;
				GCC_WARN_UNUSED_VARIABLE = YES;
				MTL_ENABLE_DEBUG_INFO = NO;
				MTL_FAST_MATH = YES;
				SDKROOT = iphoneos;
				SWIFT_COMPILATION_MODE = wholemodule;
				SWIFT_OPTIMIZATION_LEVEL = "-O";
				VALIDATE_PRODUCT = YES;
			};
			name = Release;
		};
		4CBF556E2357A5C70009AF09 /* Debug */ = {
			isa = XCBuildConfiguration;
			buildSettings = {
				ASSETCATALOG_COMPILER_COMPLICATION_NAME = Complication;
				CODE_SIGN_ENTITLEMENTS = "WristSteps WatchKit Extension/WristSteps WatchKit Extension.entitlements";
				CODE_SIGN_STYLE = Automatic;
				CURRENT_PROJECT_VERSION = 9;
				DEVELOPMENT_ASSET_PATHS = "\"WristSteps WatchKit Extension/Preview Content\"";
				DEVELOPMENT_TEAM = GQQ4RZBUL3;
				ENABLE_PREVIEWS = YES;
				INFOPLIST_FILE = "WristSteps WatchKit Extension/Info.plist";
				LD_RUNPATH_SEARCH_PATHS = (
					"$(inherited)",
					"@executable_path/Frameworks",
					"@executable_path/../../Frameworks",
				);
				MARKETING_VERSION = 1.0.0;
				PRODUCT_BUNDLE_IDENTIFIER = at.Schoder.WristSteps.watchkitapp.watchkitextension;
				PRODUCT_NAME = "${TARGET_NAME}";
				SDKROOT = watchos;
				SKIP_INSTALL = YES;
				SWIFT_VERSION = 5.0;
				TARGETED_DEVICE_FAMILY = 4;
				WATCHOS_DEPLOYMENT_TARGET = 6.0;
			};
			name = Debug;
		};
		4CBF556F2357A5C70009AF09 /* Release */ = {
			isa = XCBuildConfiguration;
			buildSettings = {
				ASSETCATALOG_COMPILER_COMPLICATION_NAME = Complication;
				CODE_SIGN_ENTITLEMENTS = "WristSteps WatchKit Extension/WristSteps WatchKit Extension.entitlements";
				CODE_SIGN_STYLE = Automatic;
				CURRENT_PROJECT_VERSION = 9;
				DEVELOPMENT_ASSET_PATHS = "\"WristSteps WatchKit Extension/Preview Content\"";
				DEVELOPMENT_TEAM = GQQ4RZBUL3;
				ENABLE_PREVIEWS = YES;
				INFOPLIST_FILE = "WristSteps WatchKit Extension/Info.plist";
				LD_RUNPATH_SEARCH_PATHS = (
					"$(inherited)",
					"@executable_path/Frameworks",
					"@executable_path/../../Frameworks",
				);
				MARKETING_VERSION = 1.0.0;
				PRODUCT_BUNDLE_IDENTIFIER = at.Schoder.WristSteps.watchkitapp.watchkitextension;
				PRODUCT_NAME = "${TARGET_NAME}";
				SDKROOT = watchos;
				SKIP_INSTALL = YES;
				SWIFT_VERSION = 5.0;
				TARGETED_DEVICE_FAMILY = 4;
				WATCHOS_DEPLOYMENT_TARGET = 6.0;
			};
			name = Release;
		};
		4CBF55722357A5C70009AF09 /* Debug */ = {
			isa = XCBuildConfiguration;
			buildSettings = {
				ALWAYS_EMBED_SWIFT_STANDARD_LIBRARIES = YES;
				ASSETCATALOG_COMPILER_APPICON_NAME = AppIcon;
				CODE_SIGN_STYLE = Automatic;
				CURRENT_PROJECT_VERSION = 9;
				DEVELOPMENT_TEAM = GQQ4RZBUL3;
				IBSC_MODULE = WristSteps_WatchKit_Extension;
				INFOPLIST_FILE = "WristSteps WatchKit App/Info.plist";
				MARKETING_VERSION = 1.0.0;
				PRODUCT_BUNDLE_IDENTIFIER = at.Schoder.WristSteps.watchkitapp;
				PRODUCT_NAME = "$(TARGET_NAME)";
				SDKROOT = watchos;
				SKIP_INSTALL = YES;
				SWIFT_VERSION = 5.0;
				TARGETED_DEVICE_FAMILY = 4;
				WATCHOS_DEPLOYMENT_TARGET = 6.0;
			};
			name = Debug;
		};
		4CBF55732357A5C70009AF09 /* Release */ = {
			isa = XCBuildConfiguration;
			buildSettings = {
				ALWAYS_EMBED_SWIFT_STANDARD_LIBRARIES = YES;
				ASSETCATALOG_COMPILER_APPICON_NAME = AppIcon;
				CODE_SIGN_STYLE = Automatic;
				CURRENT_PROJECT_VERSION = 9;
				DEVELOPMENT_TEAM = GQQ4RZBUL3;
				IBSC_MODULE = WristSteps_WatchKit_Extension;
				INFOPLIST_FILE = "WristSteps WatchKit App/Info.plist";
				MARKETING_VERSION = 1.0.0;
				PRODUCT_BUNDLE_IDENTIFIER = at.Schoder.WristSteps.watchkitapp;
				PRODUCT_NAME = "$(TARGET_NAME)";
				SDKROOT = watchos;
				SKIP_INSTALL = YES;
				SWIFT_VERSION = 5.0;
				TARGETED_DEVICE_FAMILY = 4;
				WATCHOS_DEPLOYMENT_TARGET = 6.0;
			};
			name = Release;
		};
		4CBF55762357A5C70009AF09 /* Debug */ = {
			isa = XCBuildConfiguration;
			buildSettings = {
				CODE_SIGN_STYLE = Automatic;
				CURRENT_PROJECT_VERSION = 9;
				DEVELOPMENT_TEAM = GQQ4RZBUL3;
				INFOPLIST_FILE = WristSteps/Info.plist;
				MARKETING_VERSION = 1.0.0;
				PRODUCT_BUNDLE_IDENTIFIER = at.Schoder.WristSteps;
				PRODUCT_NAME = "$(TARGET_NAME)";
				SWIFT_VERSION = 5.0;
			};
			name = Debug;
		};
		4CBF55772357A5C70009AF09 /* Release */ = {
			isa = XCBuildConfiguration;
			buildSettings = {
				CODE_SIGN_STYLE = Automatic;
				CURRENT_PROJECT_VERSION = 9;
				DEVELOPMENT_TEAM = GQQ4RZBUL3;
				INFOPLIST_FILE = WristSteps/Info.plist;
				MARKETING_VERSION = 1.0.0;
				PRODUCT_BUNDLE_IDENTIFIER = at.Schoder.WristSteps;
				PRODUCT_NAME = "$(TARGET_NAME)";
				SWIFT_VERSION = 5.0;
			};
			name = Release;
		};
/* End XCBuildConfiguration section */

/* Begin XCConfigurationList section */
		4CBF553D2357A5C40009AF09 /* Build configuration list for PBXProject "WristSteps" */ = {
			isa = XCConfigurationList;
			buildConfigurations = (
				4CBF556B2357A5C70009AF09 /* Debug */,
				4CBF556C2357A5C70009AF09 /* Release */,
			);
			defaultConfigurationIsVisible = 0;
			defaultConfigurationName = Release;
		};
		4CBF556D2357A5C70009AF09 /* Build configuration list for PBXNativeTarget "WristSteps WatchKit Extension" */ = {
			isa = XCConfigurationList;
			buildConfigurations = (
				4CBF556E2357A5C70009AF09 /* Debug */,
				4CBF556F2357A5C70009AF09 /* Release */,
			);
			defaultConfigurationIsVisible = 0;
			defaultConfigurationName = Release;
		};
		4CBF55712357A5C70009AF09 /* Build configuration list for PBXNativeTarget "WristSteps WatchKit App" */ = {
			isa = XCConfigurationList;
			buildConfigurations = (
				4CBF55722357A5C70009AF09 /* Debug */,
				4CBF55732357A5C70009AF09 /* Release */,
			);
			defaultConfigurationIsVisible = 0;
			defaultConfigurationName = Release;
		};
		4CBF55752357A5C70009AF09 /* Build configuration list for PBXNativeTarget "WristSteps" */ = {
			isa = XCConfigurationList;
			buildConfigurations = (
				4CBF55762357A5C70009AF09 /* Debug */,
				4CBF55772357A5C70009AF09 /* Release */,
			);
			defaultConfigurationIsVisible = 0;
			defaultConfigurationName = Release;
		};
/* End XCConfigurationList section */
	};
	rootObject = 4CBF553A2357A5C40009AF09 /* Project object */;
}
